
Microsoft Visual Studio Solution File, Format Version 12.00
# Visual Studio Version 17
VisualStudioVersion = 17.3.32929.385
MinimumVisualStudioVersion = 10.0.40219.1
Project("{FAE04EC0-301F-11D3-BF4B-00C04F79EFBC}") = "PasswordSecurityCheck", "PasswordSecurityCheck\PasswordSecurityCheck.csproj", "{A5C8389F-2BEC-4A1E-97A2-6A8D7F5B03B6}"
EndProject
Global
	GlobalSection(SolutionConfigurationPlatforms) = preSolution
		Debug|Any CPU = Debug|Any CPU
		Release|Any CPU = Release|Any CPU
	EndGlobalSection
	GlobalSection(ProjectConfigurationPlatforms) = postSolution
		{A5C8389F-2BEC-4A1E-97A2-6A8D7F5B03B6}.Debug|Any CPU.ActiveCfg = Debug|Any CPU
		{A5C8389F-2BEC-4A1E-97A2-6A8D7F5B03B6}.Debug|Any CPU.Build.0 = Debug|Any CPU
		{A5C8389F-2BEC-4A1E-97A2-6A8D7F5B03B6}.Release|Any CPU.ActiveCfg = Release|Any CPU
		{A5C8389F-2BEC-4A1E-97A2-6A8D7F5B03B6}.Release|Any CPU.Build.0 = Release|Any CPU
	EndGlobalSection
	GlobalSection(SolutionProperties) = preSolution
		HideSolutionNode = FALSE
	EndGlobalSection
	GlobalSection(ExtensibilityGlobals) = postSolution
		SolutionGuid = {3484890E-9FC1-4DD5-8CAE-F66FDC3C36A7}
	EndGlobalSection
EndGlobal
