
Microsoft Visual Studio Solution File, Format Version 12.00
# Visual Studio Version 17
VisualStudioVersion = 17.3.32929.385
MinimumVisualStudioVersion = 10.0.40219.1
Project("{FAE04EC0-301F-11D3-BF4B-00C04F79EFBC}") = "OOPRealLifeExamples", "OOPRealLifeExamples\OOPRealLifeExamples.csproj", "{FBDD79F1-164A-4EFE-A596-5EEDD8372854}"
EndProject
Global
	GlobalSection(SolutionConfigurationPlatforms) = preSolution
		Debug|Any CPU = Debug|Any CPU
		Release|Any CPU = Release|Any CPU
	EndGlobalSection
	GlobalSection(ProjectConfigurationPlatforms) = postSolution
		{FBDD79F1-164A-4EFE-A596-5EEDD8372854}.Debug|Any CPU.ActiveCfg = Debug|Any CPU
		{FBDD79F1-164A-4EFE-A596-5EEDD8372854}.Debug|Any CPU.Build.0 = Debug|Any CPU
		{FBDD79F1-164A-4EFE-A596-5EEDD8372854}.Release|Any CPU.ActiveCfg = Release|Any CPU
		{FBDD79F1-164A-4EFE-A596-5EEDD8372854}.Release|Any CPU.Build.0 = Release|Any CPU
	EndGlobalSection
	GlobalSection(SolutionProperties) = preSolution
		HideSolutionNode = FALSE
	EndGlobalSection
	GlobalSection(ExtensibilityGlobals) = postSolution
		SolutionGuid = {A35CAA8F-03FC-4348-BB1D-F3642CCDA592}
	EndGlobalSection
EndGlobal
